PODS:
  - FLSKAutoGAI (0.1.1):
    - GoogleAnalytics-iOS-SDK (~> 3.0)
  - GoogleAnalytics-iOS-SDK (3.0.9)

DEPENDENCIES:
  - FLSKAutoGAI (from `../FLSKAutoGAI.podspec`)

EXTERNAL SOURCES:
  FLSKAutoGAI:
    :path: ../FLSKAutoGAI.podspec

SPEC CHECKSUMS:
  FLSKAutoGAI: f593d4556d29fdbe91f2b893104ef751f837d65f
  GoogleAnalytics-iOS-SDK: d9e198b1f955259a72886769be7377cdfcdb2250

COCOAPODS: 0.33.1
